// !$*UTF8*$!
{
	archiveVersion = 1;
	classes = {
	};
	objectVersion = 50;
	objects = {

/* Begin PBXBuildFile section */
		EAF0E42820D8ED2E007917CB /* AppDelegate.swift in Sources */ = {isa = PBXBuildFile; fileRef = EAF0E42720D8ED2E007917CB /* AppDelegate.swift */; };
		EAF0E42D20D8ED2E007917CB /* Main.storyboard in Resources */ = {isa = PBXBuildFile; fileRef = EAF0E42B20D8ED2E007917CB /* Main.storyboard */; };
		EAF0E42F20D8ED2F007917CB /* Assets.xcassets in Resources */ = {isa = PBXBuildFile; fileRef = EAF0E42E20D8ED2F007917CB /* Assets.xcassets */; };
		EAF0E43220D8ED2F007917CB /* LaunchScreen.storyboard in Resources */ = {isa = PBXBuildFile; fileRef = EAF0E43020D8ED2F007917CB /* LaunchScreen.storyboard */; };
/* End PBXBuildFile section */

/* Begin PBXFileReference section */
		EAF0E42420D8ED2E007917CB /* 72137.app */ = {isa = PBXFileReference; explicitFileType = wrapper.application; includeInIndex = 0; path = 72137.app; sourceTree = BUILT_PRODUCTS_DIR; };
		EAF0E42720D8ED2E007917CB /* AppDelegate.swift */ = {isa = PBXFileReference; lastKnownFileType = sourcecode.swift; path = AppDelegate.swift; sourceTree = "<group>"; };
		EAF0E42C20D8ED2E007917CB /* Base */ = {isa = PBXFileReference; lastKnownFileType = file.storyboard; name = Base; path = Base.lproj/Main.storyboard; sourceTree = "<group>"; };
		EAF0E42E20D8ED2F007917CB /* Assets.xcassets */ = {isa = PBXFileReference; lastKnownFileType = folder.assetcatalog; path = Assets.xcassets; sourceTree = "<group>"; };
		EAF0E43120D8ED2F007917CB /* Base */ = {isa = PBXFileReference; lastKnownFileType = file.storyboard; name = Base; path = Base.lproj/LaunchScreen.storyboard; sourceTree = "<group>"; };
		EAF0E43320D8ED2F007917CB /* Info.plist */ = {isa = PBXFileReference; lastKnownFileType = text.plist.xml; path = Info.plist; sourceTree = "<group>"; };
/* End PBXFileReference section */

/* Begin PBXFrameworksBuildPhase section */
		EAF0E42120D8ED2E007917CB /* Frameworks */ = {
			isa = PBXFrameworksBuildPhase;
			buildActionMask = 2147483647;
			files = (
			);
			runOnlyForDeploymentPostprocessing = 0;
		};
/* End PBXFrameworksBuildPhase section */

/* Begin PBXGroup section */
		EAF0E41B20D8ED2E007917CB = {
			isa = PBXGroup;
			children = (
				EAF0E42620D8ED2E007917CB /* 72137 */,
				EAF0E42520D8ED2E007917CB /* Products */,
			);
			sourceTree = "<group>";
		};
		EAF0E42520D8ED2E007917CB /* Products */ = {
			isa = PBXGroup;
			children = (
				EAF0E42420D8ED2E007917CB /* 72137.app */,
			);
			name = Products;
			sourceTree = "<group>";
		};
		EAF0E42620D8ED2E007917CB /* 72137 */ = {
			isa = PBXGroup;
			children = (
				EAF0E43B20D906CA007917CB /* Classes */,
				EAF0E42720D8ED2E007917CB /* AppDelegate.swift */,
				EAF0E42E20D8ED2F007917CB /* Assets.xcassets */,
				EAF0E43020D8ED2F007917CB /* LaunchScreen.storyboard */,
				EAF0E43320D8ED2F007917CB /* Info.plist */,
			);
			path = 72137;
			sourceTree = "<group>";
		};
		EAF0E43B20D906CA007917CB /* Classes */ = {
			isa = PBXGroup;
			children = (
				EAF0E43C20D906D3007917CB /* Main */,
				EAF0E43E20D906E1007917CB /* Home */,
				EAF0E43F20D906EB007917CB /* Survey */,
				EAF0E43D20D906DA007917CB /* Tab */,
			);
			path = Classes;
			sourceTree = "<group>";
		};
		EAF0E43C20D906D3007917CB /* Main */ = {
			isa = PBXGroup;
			children = (
				EAF0E42B20D8ED2E007917CB /* Main.storyboard */,
			);
			path = Main;
			sourceTree = "<group>";
		};
		EAF0E43D20D906DA007917CB /* Tab */ = {
			isa = PBXGroup;
			children = (
			);
			path = Tab;
			sourceTree = "<group>";
		};
		EAF0E43E20D906E1007917CB /* Home */ = {
			isa = PBXGroup;
			children = (
			);
			path = Home;
			sourceTree = "<group>";
		};
		EAF0E43F20D906EB007917CB /* Survey */ = {
			isa = PBXGroup;
			children = (
			);
			path = Survey;
			sourceTree = "<group>";
		};
/* End PBXGroup section */

/* Begin PBXNativeTarget section */
		EAF0E42320D8ED2E007917CB /* 72137 */ = {
			isa = PBXNativeTarget;
			buildConfigurationList = EAF0E43620D8ED2F007917CB /* Build configuration list for PBXNativeTarget "72137" */;
			buildPhases = (
				EAF0E42020D8ED2E007917CB /* Sources */,
				EAF0E42120D8ED2E007917CB /* Frameworks */,
				EAF0E42220D8ED2E007917CB /* Resources */,
			);
			buildRules = (
			);
			dependencies = (
			);
			name = 72137;
			productName = 72137;
			productReference = EAF0E42420D8ED2E007917CB /* 72137.app */;
			productType = "com.apple.product-type.application";
		};
/* End PBXNativeTarget section */

/* Begin PBXProject section */
		EAF0E41C20D8ED2E007917CB /* Project object */ = {
			isa = PBXProject;
			attributes = {
				LastSwiftUpdateCheck = 0940;
				LastUpgradeCheck = 0940;
				ORGANIZATIONNAME = "Liang Shengyi";
				TargetAttributes = {
					EAF0E42320D8ED2E007917CB = {
						CreatedOnToolsVersion = 9.4.1;
					};
				};
			};
			buildConfigurationList = EAF0E41F20D8ED2E007917CB /* Build configuration list for PBXProject "72137" */;
			compatibilityVersion = "Xcode 9.3";
			developmentRegion = en;
			hasScannedForEncodings = 0;
			knownRegions = (
				en,
				Base,
			);
			mainGroup = EAF0E41B20D8ED2E007917CB;
			productRefGroup = EAF0E42520D8ED2E007917CB /* Products */;
			projectDirPath = "";
			projectRoot = "";
			targets = (
				EAF0E42320D8ED2E007917CB /* 72137 */,
			);
		};
/* End PBXProject section */

/* Begin PBXResourcesBuildPhase section */
		EAF0E42220D8ED2E007917CB /* Resources */ = {
			isa = PBXResourcesBuildPhase;
			buildActionMask = 2147483647;
			files = (
				EAF0E43220D8ED2F007917CB /* LaunchScreen.storyboard in Resources */,
				EAF0E42F20D8ED2F007917CB /* Assets.xcassets in Resources */,
				EAF0E42D20D8ED2E007917CB /* Main.storyboard in Resources */,
			);
			runOnlyForDeploymentPostprocessing = 0;
		};
/* End PBXResourcesBuildPhase section */

/* Begin PBXSourcesBuildPhase section */
		EAF0E42020D8ED2E007917CB /* Sources */ = {
			isa = PBXSourcesBuildPhase;
			buildActionMask = 2147483647;
			files = (
				EAF0E42820D8ED2E007917CB /* AppDelegate.swift in Sources */,
			);
			runOnlyForDeploymentPostprocessing = 0;
		};
/* End PBXSourcesBuildPhase section */

/* Begin PBXVariantGroup section */
		EAF0E42B20D8ED2E007917CB /* Main.storyboard */ = {
			isa = PBXVariantGroup;
			children = (
				EAF0E42C20D8ED2E007917CB /* Base */,
			);
			name = Main.storyboard;
			sourceTree = "<group>";
		};
		EAF0E43020D8ED2F007917CB /* LaunchScreen.storyboard */ = {
			isa = PBXVariantGroup;
			children = (
				EAF0E43120D8ED2F007917CB /* Base */,
			);
			name = LaunchScreen.storyboard;
			sourceTree = "<group>";
		};
/* End PBXVariantGroup section */

/* Begin XCBuildConfiguration section */
		EAF0E43420D8ED2F007917CB /* Debug */ = {
			isa = XCBuildConfiguration;
			buildSettings = {
				ALWAYS_SEARCH_USER_PATHS = NO;
				CLANG_ANALYZER_NONNULL = YES;
				CLANG_ANALYZER_NUMBER_OBJECT_CONVERSION = YES_AGGRESSIVE;
				CLANG_CXX_LANGUAGE_STANDARD = "gnu++14";
				CLANG_CXX_LIBRARY = "libc++";
				CLANG_ENABLE_MODULES = YES;
				CLANG_ENABLE_OBJC_ARC = YES;
				CLANG_ENABLE_OBJC_WEAK = YES;
				CLANG_WARN_BLOCK_CAPTURE_AUTORELEASING = YES;
				CLANG_WARN_BOOL_CONVERSION = YES;
				CLANG_WARN_COMMA = YES;
				CLANG_WARN_CONSTANT_CONVERSION = YES;
				CLANG_WARN_DEPRECATED_OBJC_IMPLEMENTATIONS = YES;
				CLANG_WARN_DIRECT_OBJC_ISA_USAGE = YES_ERROR;
				CLANG_WARN_DOCUMENTATION_COMMENTS = YES;
				CLANG_WARN_EMPTY_BODY = YES;
				CLANG_WARN_ENUM_CONVERSION = YES;
				CLANG_WARN_INFINITE_RECURSION = YES;
				CLANG_WARN_INT_CONVERSION = YES;
				CLANG_WARN_NON_LITERAL_NULL_CONVERSION = YES;
				CLANG_WARN_OBJC_IMPLICIT_RETAIN_SELF = YES;
				CLANG_WARN_OBJC_LITERAL_CONVERSION = YES;
				CLANG_WARN_OBJC_ROOT_CLASS = YES_ERROR;
				CLANG_WARN_RANGE_LOOP_ANALYSIS = YES;
				CLANG_WARN_STRICT_PROTOTYPES = YES;
				CLANG_WARN_SUSPICIOUS_MOVE = YES;
				CLANG_WARN_UNGUARDED_AVAILABILITY = YES_AGGRESSIVE;
				CLANG_WARN_UNREACHABLE_CODE = YES;
				CLANG_WARN__DUPLICATE_METHOD_MATCH = YES;
				CODE_SIGN_IDENTITY = "iPhone Developer";
				COPY_PHASE_STRIP = NO;
				DEBUG_INFORMATION_FORMAT = dwarf;
				ENABLE_STRICT_OBJC_MSGSEND = YES;
				ENABLE_TESTABILITY = YES;
				GCC_C_LANGUAGE_STANDARD = gnu11;
				GCC_DYNAMIC_NO_PIC = NO;
				GCC_NO_COMMON_BLOCKS = YES;
				GCC_OPTIMIZATION_LEVEL = 0;
				GCC_PREPROCESSOR_DEFINITIONS = (
					"DEBUG=1",
					"$(inherited)",
				);
				GCC_WARN_64_TO_32_BIT_CONVERSION = YES;
				GCC_WARN_ABOUT_RETURN_TYPE = YES_ERROR;
				GCC_WARN_UNDECLARED_SELECTOR = YES;
				GCC_WARN_UNINITIALIZED_AUTOS = YES_AGGRESSIVE;
				GCC_WARN_UNUSED_FUNCTION = YES;
				GCC_WARN_UNUSED_VARIABLE = YES;
				IPHONEOS_DEPLOYMENT_TARGET = 11.4;
				MTL_ENABLE_DEBUG_INFO = YES;
				ONLY_ACTIVE_ARCH = YES;
				SDKROOT = iphoneos;
				SWIFT_ACTIVE_COMPILATION_CONDITIONS = DEBUG;
				SWIFT_OPTIMIZATION_LEVEL = "-Onone";
			};
			name = Debug;
		};
		EAF0E43520D8ED2F007917CB /* Release */ = {
			isa = XCBuildConfiguration;
			buildSettings = {
				ALWAYS_SEARCH_USER_PATHS = NO;
				CLANG_ANALYZER_NONNULL = YES;
				CLANG_ANALYZER_NUMBER_OBJECT_CONVERSION = YES_AGGRESSIVE;
				CLANG_CXX_LANGUAGE_STANDARD = "gnu++14";
				CLANG_CXX_LIBRARY = "libc++";
				CLANG_ENABLE_MODULES = YES;
				CLANG_ENABLE_OBJC_ARC = YES;
				CLANG_ENABLE_OBJC_WEAK = YES;
				CLANG_WARN_BLOCK_CAPTURE_AUTORELEASING = YES;
				CLANG_WARN_BOOL_CONVERSION = YES;
				CLANG_WARN_COMMA = YES;
				CLANG_WARN_CONSTANT_CONVERSION = YES;
				CLANG_WARN_DEPRECATED_OBJC_IMPLEMENTATIONS = YES;
				CLANG_WARN_DIRECT_OBJC_ISA_USAGE = YES_ERROR;
				CLANG_WARN_DOCUMENTATION_COMMENTS = YES;
				CLANG_WARN_EMPTY_BODY = YES;
				CLANG_WARN_ENUM_CONVERSION = YES;
				CLANG_WARN_INFINITE_RECURSION = YES;
				CLANG_WARN_INT_CONVERSION = YES;
				CLANG_WARN_NON_LITERAL_NULL_CONVERSION = YES;
				CLANG_WARN_OBJC_IMPLICIT_RETAIN_SELF = YES;
				CLANG_WARN_OBJC_LITERAL_CONVERSION = YES;
				CLANG_WARN_OBJC_ROOT_CLASS = YES_ERROR;
				CLANG_WARN_RANGE_LOOP_ANALYSIS = YES;
				CLANG_WARN_STRICT_PROTOTYPES = YES;
				CLANG_WARN_SUSPICIOUS_MOVE = YES;
				CLANG_WARN_UNGUARDED_AVAILABILITY = YES_AGGRESSIVE;
				CLANG_WARN_UNREACHABLE_CODE = YES;
				CLANG_WARN__DUPLICATE_METHOD_MATCH = YES;
				CODE_SIGN_IDENTITY = "iPhone Developer";
				COPY_PHASE_STRIP = NO;
				DEBUG_INFORMATION_FORMAT = "dwarf-with-dsym";
				ENABLE_NS_ASSERTIONS = NO;
				ENABLE_STRICT_OBJC_MSGSEND = YES;
				GCC_C_LANGUAGE_STANDARD = gnu11;
				GCC_NO_COMMON_BLOCKS = YES;
				GCC_WARN_64_TO_32_BIT_CONVERSION = YES;
				GCC_WARN_ABOUT_RETURN_TYPE = YES_ERROR;
				GCC_WARN_UNDECLARED_SELECTOR = YES;
				GCC_WARN_UNINITIALIZED_AUTOS = YES_AGGRESSIVE;
				GCC_WARN_UNUSED_FUNCTION = YES;
				GCC_WARN_UNUSED_VARIABLE = YES;
				IPHONEOS_DEPLOYMENT_TARGET = 11.4;
				MTL_ENABLE_DEBUG_INFO = NO;
				SDKROOT = iphoneos;
				SWIFT_COMPILATION_MODE = wholemodule;
				SWIFT_OPTIMIZATION_LEVEL = "-O";
				VALIDATE_PRODUCT = YES;
			};
			name = Release;
		};
		EAF0E43720D8ED2F007917CB /* Debug */ = {
			isa = XCBuildConfiguration;
			buildSettings = {
				ASSETCATALOG_COMPILER_APPICON_NAME = AppIcon;
				ASSETCATALOG_COMPILER_LAUNCHIMAGE_NAME = LaunchImage;
				CODE_SIGN_STYLE = Automatic;
				DEVELOPMENT_TEAM = DHHR5HHYJW;
				INFOPLIST_FILE = 72137/Info.plist;
				IPHONEOS_DEPLOYMENT_TARGET = 9.0;
				LD_RUNPATH_SEARCH_PATHS = (
					"$(inherited)",
					"@executable_path/Frameworks",
				);
				PRODUCT_BUNDLE_IDENTIFIER = "LSY.-2137";
				PRODUCT_NAME = "$(TARGET_NAME)";
				SWIFT_VERSION = 4.0;
				TARGETED_DEVICE_FAMILY = 1;
			};
			name = Debug;
		};
		EAF0E43820D8ED2F007917CB /* Release */ = {
			isa = XCBuildConfiguration;
			buildSettings = {
				ASSETCATALOG_COMPILER_APPICON_NAME = AppIcon;
				ASSETCATALOG_COMPILER_LAUNCHIMAGE_NAME = LaunchImage;
				CODE_SIGN_STYLE = Automatic;
				DEVELOPMENT_TEAM = DHHR5HHYJW;
				INFOPLIST_FILE = 72137/Info.plist;
				IPHONEOS_DEPLOYMENT_TARGET = 9.0;
				LD_RUNPATH_SEARCH_PATHS = (
					"$(inherited)",
					"@executable_path/Frameworks",
				);
				PRODUCT_BUNDLE_IDENTIFIER = "LSY.-2137";
				PRODUCT_NAME = "$(TARGET_NAME)";
				SWIFT_VERSION = 4.0;
				TARGETED_DEVICE_FAMILY = 1;
			};
			name = Release;
		};
/* End XCBuildConfiguration section */

/* Begin XCConfigurationList section */
		EAF0E41F20D8ED2E007917CB /* Build configuration list for PBXProject "72137" */ = {
			isa = XCConfigurationList;
			buildConfigurations = (
				EAF0E43420D8ED2F007917CB /* Debug */,
				EAF0E43520D8ED2F007917CB /* Release */,
			);
			defaultConfigurationIsVisible = 0;
			defaultConfigurationName = Release;
		};
		EAF0E43620D8ED2F007917CB /* Build configuration list for PBXNativeTarget "72137" */ = {
			isa = XCConfigurationList;
			buildConfigurations = (
				EAF0E43720D8ED2F007917CB /* Debug */,
				EAF0E43820D8ED2F007917CB /* Release */,
			);
			defaultConfigurationIsVisible = 0;
			defaultConfigurationName = Release;
		};
/* End XCConfigurationList section */
	};
	rootObject = EAF0E41C20D8ED2E007917CB /* Project object */;
}
