// !$*UTF8*$!
{
	archiveVersion = 1;
	classes = {
	};
	objectVersion = 50;
	objects = {

/* Begin PBXBuildFile section */
		EAF0E3EE20D8ECEE007917CB /* AppDelegate.swift in Sources */ = {isa = PBXBuildFile; fileRef = EAF0E3ED20D8ECEE007917CB /* AppDelegate.swift */; };
		EAF0E3F020D8ECEE007917CB /* ViewController.swift in Sources */ = {isa = PBXBuildFile; fileRef = EAF0E3EF20D8ECEE007917CB /* ViewController.swift */; };
		EAF0E3F320D8ECEE007917CB /* Main.storyboard in Resources */ = {isa = PBXBuildFile; fileRef = EAF0E3F120D8ECEE007917CB /* Main.storyboard */; };
		EAF0E3F520D8ECEE007917CB /* Assets.xcassets in Resources */ = {isa = PBXBuildFile; fileRef = EAF0E3F420D8ECEE007917CB /* Assets.xcassets */; };
		EAF0E3F820D8ECEE007917CB /* LaunchScreen.storyboard in Resources */ = {isa = PBXBuildFile; fileRef = EAF0E3F620D8ECEE007917CB /* LaunchScreen.storyboard */; };
		EAF0E40320D8ECEF007917CB /* douTests.swift in Sources */ = {isa = PBXBuildFile; fileRef = EAF0E40220D8ECEF007917CB /* douTests.swift */; };
		EAF0E40E20D8ECEF007917CB /* douUITests.swift in Sources */ = {isa = PBXBuildFile; fileRef = EAF0E40D20D8ECEF007917CB /* douUITests.swift */; };
/* End PBXBuildFile section */

/* Begin PBXContainerItemProxy section */
		EAF0E3FF20D8ECEF007917CB /* PBXContainerItemProxy */ = {
			isa = PBXContainerItemProxy;
			containerPortal = EAF0E3E220D8ECEE007917CB /* Project object */;
			proxyType = 1;
			remoteGlobalIDString = EAF0E3E920D8ECEE007917CB;
			remoteInfo = dou;
		};
		EAF0E40A20D8ECEF007917CB /* PBXContainerItemProxy */ = {
			isa = PBXContainerItemProxy;
			containerPortal = EAF0E3E220D8ECEE007917CB /* Project object */;
			proxyType = 1;
			remoteGlobalIDString = EAF0E3E920D8ECEE007917CB;
			remoteInfo = dou;
		};
/* End PBXContainerItemProxy section */

/* Begin PBXFileReference section */
		EAF0E3EA20D8ECEE007917CB /* dou.app */ = {isa = PBXFileReference; explicitFileType = wrapper.application; includeInIndex = 0; path = dou.app; sourceTree = BUILT_PRODUCTS_DIR; };
		EAF0E3ED20D8ECEE007917CB /* AppDelegate.swift */ = {isa = PBXFileReference; lastKnownFileType = sourcecode.swift; path = AppDelegate.swift; sourceTree = "<group>"; };
		EAF0E3EF20D8ECEE007917CB /* ViewController.swift */ = {isa = PBXFileReference; lastKnownFileType = sourcecode.swift; path = ViewController.swift; sourceTree = "<group>"; };
		EAF0E3F220D8ECEE007917CB /* Base */ = {isa = PBXFileReference; lastKnownFileType = file.storyboard; name = Base; path = Base.lproj/Main.storyboard; sourceTree = "<group>"; };
		EAF0E3F420D8ECEE007917CB /* Assets.xcassets */ = {isa = PBXFileReference; lastKnownFileType = folder.assetcatalog; path = Assets.xcassets; sourceTree = "<group>"; };
		EAF0E3F720D8ECEE007917CB /* Base */ = {isa = PBXFileReference; lastKnownFileType = file.storyboard; name = Base; path = Base.lproj/LaunchScreen.storyboard; sourceTree = "<group>"; };
		EAF0E3F920D8ECEE007917CB /* Info.plist */ = {isa = PBXFileReference; lastKnownFileType = text.plist.xml; path = Info.plist; sourceTree = "<group>"; };
		EAF0E3FE20D8ECEF007917CB /* douTests.xctest */ = {isa = PBXFileReference; explicitFileType = wrapper.cfbundle; includeInIndex = 0; path = douTests.xctest; sourceTree = BUILT_PRODUCTS_DIR; };
		EAF0E40220D8ECEF007917CB /* douTests.swift */ = {isa = PBXFileReference; lastKnownFileType = sourcecode.swift; path = douTests.swift; sourceTree = "<group>"; };
		EAF0E40420D8ECEF007917CB /* Info.plist */ = {isa = PBXFileReference; lastKnownFileType = text.plist.xml; path = Info.plist; sourceTree = "<group>"; };
		EAF0E40920D8ECEF007917CB /* douUITests.xctest */ = {isa = PBXFileReference; explicitFileType = wrapper.cfbundle; includeInIndex = 0; path = douUITests.xctest; sourceTree = BUILT_PRODUCTS_DIR; };
		EAF0E40D20D8ECEF007917CB /* douUITests.swift */ = {isa = PBXFileReference; lastKnownFileType = sourcecode.swift; path = douUITests.swift; sourceTree = "<group>"; };
		EAF0E40F20D8ECEF007917CB /* Info.plist */ = {isa = PBXFileReference; lastKnownFileType = text.plist.xml; path = Info.plist; sourceTree = "<group>"; };
/* End PBXFileReference section */

/* Begin PBXFrameworksBuildPhase section */
		EAF0E3E720D8ECEE007917CB /* Frameworks */ = {
			isa = PBXFrameworksBuildPhase;
			buildActionMask = 2147483647;
			files = (
			);
			runOnlyForDeploymentPostprocessing = 0;
		};
		EAF0E3FB20D8ECEF007917CB /* Frameworks */ = {
			isa = PBXFrameworksBuildPhase;
			buildActionMask = 2147483647;
			files = (
			);
			runOnlyForDeploymentPostprocessing = 0;
		};
		EAF0E40620D8ECEF007917CB /* Frameworks */ = {
			isa = PBXFrameworksBuildPhase;
			buildActionMask = 2147483647;
			files = (
			);
			runOnlyForDeploymentPostprocessing = 0;
		};
/* End PBXFrameworksBuildPhase section */

/* Begin PBXGroup section */
		EAF0E3E120D8ECEE007917CB = {
			isa = PBXGroup;
			children = (
				EAF0E3EC20D8ECEE007917CB /* dou */,
				EAF0E40120D8ECEF007917CB /* douTests */,
				EAF0E40C20D8ECEF007917CB /* douUITests */,
				EAF0E3EB20D8ECEE007917CB /* Products */,
			);
			sourceTree = "<group>";
		};
		EAF0E3EB20D8ECEE007917CB /* Products */ = {
			isa = PBXGroup;
			children = (
				EAF0E3EA20D8ECEE007917CB /* dou.app */,
				EAF0E3FE20D8ECEF007917CB /* douTests.xctest */,
				EAF0E40920D8ECEF007917CB /* douUITests.xctest */,
			);
			name = Products;
			sourceTree = "<group>";
		};
		EAF0E3EC20D8ECEE007917CB /* dou */ = {
			isa = PBXGroup;
			children = (
				EAF0E3ED20D8ECEE007917CB /* AppDelegate.swift */,
				EAF0E3EF20D8ECEE007917CB /* ViewController.swift */,
				EAF0E3F120D8ECEE007917CB /* Main.storyboard */,
				EAF0E3F420D8ECEE007917CB /* Assets.xcassets */,
				EAF0E3F620D8ECEE007917CB /* LaunchScreen.storyboard */,
				EAF0E3F920D8ECEE007917CB /* Info.plist */,
			);
			path = dou;
			sourceTree = "<group>";
		};
		EAF0E40120D8ECEF007917CB /* douTests */ = {
			isa = PBXGroup;
			children = (
				EAF0E40220D8ECEF007917CB /* douTests.swift */,
				EAF0E40420D8ECEF007917CB /* Info.plist */,
			);
			path = douTests;
			sourceTree = "<group>";
		};
		EAF0E40C20D8ECEF007917CB /* douUITests */ = {
			isa = PBXGroup;
			children = (
				EAF0E40D20D8ECEF007917CB /* douUITests.swift */,
				EAF0E40F20D8ECEF007917CB /* Info.plist */,
			);
			path = douUITests;
			sourceTree = "<group>";
		};
/* End PBXGroup section */

/* Begin PBXNativeTarget section */
		EAF0E3E920D8ECEE007917CB /* dou */ = {
			isa = PBXNativeTarget;
			buildConfigurationList = EAF0E41220D8ECEF007917CB /* Build configuration list for PBXNativeTarget "dou" */;
			buildPhases = (
				EAF0E3E620D8ECEE007917CB /* Sources */,
				EAF0E3E720D8ECEE007917CB /* Frameworks */,
				EAF0E3E820D8ECEE007917CB /* Resources */,
			);
			buildRules = (
			);
			dependencies = (
			);
			name = dou;
			productName = dou;
			productReference = EAF0E3EA20D8ECEE007917CB /* dou.app */;
			productType = "com.apple.product-type.application";
		};
		EAF0E3FD20D8ECEF007917CB /* douTests */ = {
			isa = PBXNativeTarget;
			buildConfigurationList = EAF0E41520D8ECEF007917CB /* Build configuration list for PBXNativeTarget "douTests" */;
			buildPhases = (
				EAF0E3FA20D8ECEF007917CB /* Sources */,
				EAF0E3FB20D8ECEF007917CB /* Frameworks */,
				EAF0E3FC20D8ECEF007917CB /* Resources */,
			);
			buildRules = (
			);
			dependencies = (
				EAF0E40020D8ECEF007917CB /* PBXTargetDependency */,
			);
			name = douTests;
			productName = douTests;
			productReference = EAF0E3FE20D8ECEF007917CB /* douTests.xctest */;
			productType = "com.apple.product-type.bundle.unit-test";
		};
		EAF0E40820D8ECEF007917CB /* douUITests */ = {
			isa = PBXNativeTarget;
			buildConfigurationList = EAF0E41820D8ECEF007917CB /* Build configuration list for PBXNativeTarget "douUITests" */;
			buildPhases = (
				EAF0E40520D8ECEF007917CB /* Sources */,
				EAF0E40620D8ECEF007917CB /* Frameworks */,
				EAF0E40720D8ECEF007917CB /* Resources */,
			);
			buildRules = (
			);
			dependencies = (
				EAF0E40B20D8ECEF007917CB /* PBXTargetDependency */,
			);
			name = douUITests;
			productName = douUITests;
			productReference = EAF0E40920D8ECEF007917CB /* douUITests.xctest */;
			productType = "com.apple.product-type.bundle.ui-testing";
		};
/* End PBXNativeTarget section */

/* Begin PBXProject section */
		EAF0E3E220D8ECEE007917CB /* Project object */ = {
			isa = PBXProject;
			attributes = {
				LastSwiftUpdateCheck = 0940;
				LastUpgradeCheck = 0940;
				ORGANIZATIONNAME = "Liang Shengyi";
				TargetAttributes = {
					EAF0E3E920D8ECEE007917CB = {
						CreatedOnToolsVersion = 9.4.1;
					};
					EAF0E3FD20D8ECEF007917CB = {
						CreatedOnToolsVersion = 9.4.1;
						TestTargetID = EAF0E3E920D8ECEE007917CB;
					};
					EAF0E40820D8ECEF007917CB = {
						CreatedOnToolsVersion = 9.4.1;
						TestTargetID = EAF0E3E920D8ECEE007917CB;
					};
				};
			};
			buildConfigurationList = EAF0E3E520D8ECEE007917CB /* Build configuration list for PBXProject "dou" */;
			compatibilityVersion = "Xcode 9.3";
			developmentRegion = en;
			hasScannedForEncodings = 0;
			knownRegions = (
				en,
				Base,
			);
			mainGroup = EAF0E3E120D8ECEE007917CB;
			productRefGroup = EAF0E3EB20D8ECEE007917CB /* Products */;
			projectDirPath = "";
			projectRoot = "";
			targets = (
				EAF0E3E920D8ECEE007917CB /* dou */,
				EAF0E3FD20D8ECEF007917CB /* douTests */,
				EAF0E40820D8ECEF007917CB /* douUITests */,
			);
		};
/* End PBXProject section */

/* Begin PBXResourcesBuildPhase section */
		EAF0E3E820D8ECEE007917CB /* Resources */ = {
			isa = PBXResourcesBuildPhase;
			buildActionMask = 2147483647;
			files = (
				EAF0E3F820D8ECEE007917CB /* LaunchScreen.storyboard in Resources */,
				EAF0E3F520D8ECEE007917CB /* Assets.xcassets in Resources */,
				EAF0E3F320D8ECEE007917CB /* Main.storyboard in Resources */,
			);
			runOnlyForDeploymentPostprocessing = 0;
		};
		EAF0E3FC20D8ECEF007917CB /* Resources */ = {
			isa = PBXResourcesBuildPhase;
			buildActionMask = 2147483647;
			files = (
			);
			runOnlyForDeploymentPostprocessing = 0;
		};
		EAF0E40720D8ECEF007917CB /* Resources */ = {
			isa = PBXResourcesBuildPhase;
			buildActionMask = 2147483647;
			files = (
			);
			runOnlyForDeploymentPostprocessing = 0;
		};
/* End PBXResourcesBuildPhase section */

/* Begin PBXSourcesBuildPhase section */
		EAF0E3E620D8ECEE007917CB /* Sources */ = {
			isa = PBXSourcesBuildPhase;
			buildActionMask = 2147483647;
			files = (
				EAF0E3F020D8ECEE007917CB /* ViewController.swift in Sources */,
				EAF0E3EE20D8ECEE007917CB /* AppDelegate.swift in Sources */,
			);
			runOnlyForDeploymentPostprocessing = 0;
		};
		EAF0E3FA20D8ECEF007917CB /* Sources */ = {
			isa = PBXSourcesBuildPhase;
			buildActionMask = 2147483647;
			files = (
				EAF0E40320D8ECEF007917CB /* douTests.swift in Sources */,
			);
			runOnlyForDeploymentPostprocessing = 0;
		};
		EAF0E40520D8ECEF007917CB /* Sources */ = {
			isa = PBXSourcesBuildPhase;
			buildActionMask = 2147483647;
			files = (
				EAF0E40E20D8ECEF007917CB /* douUITests.swift in Sources */,
			);
			runOnlyForDeploymentPostprocessing = 0;
		};
/* End PBXSourcesBuildPhase section */

/* Begin PBXTargetDependency section */
		EAF0E40020D8ECEF007917CB /* PBXTargetDependency */ = {
			isa = PBXTargetDependency;
			target = EAF0E3E920D8ECEE007917CB /* dou */;
			targetProxy = EAF0E3FF20D8ECEF007917CB /* PBXContainerItemProxy */;
		};
		EAF0E40B20D8ECEF007917CB /* PBXTargetDependency */ = {
			isa = PBXTargetDependency;
			target = EAF0E3E920D8ECEE007917CB /* dou */;
			targetProxy = EAF0E40A20D8ECEF007917CB /* PBXContainerItemProxy */;
		};
/* End PBXTargetDependency section */

/* Begin PBXVariantGroup section */
		EAF0E3F120D8ECEE007917CB /* Main.storyboard */ = {
			isa = PBXVariantGroup;
			children = (
				EAF0E3F220D8ECEE007917CB /* Base */,
			);
			name = Main.storyboard;
			sourceTree = "<group>";
		};
		EAF0E3F620D8ECEE007917CB /* LaunchScreen.storyboard */ = {
			isa = PBXVariantGroup;
			children = (
				EAF0E3F720D8ECEE007917CB /* Base */,
			);
			name = LaunchScreen.storyboard;
			sourceTree = "<group>";
		};
/* End PBXVariantGroup section */

/* Begin XCBuildConfiguration section */
		EAF0E41020D8ECEF007917CB /* Debug */ = {
			isa = XCBuildConfiguration;
			buildSettings = {
				ALWAYS_SEARCH_USER_PATHS = NO;
				CLANG_ANALYZER_NONNULL = YES;
				CLANG_ANALYZER_NUMBER_OBJECT_CONVERSION = YES_AGGRESSIVE;
				CLANG_CXX_LANGUAGE_STANDARD = "gnu++14";
				CLANG_CXX_LIBRARY = "libc++";
				CLANG_ENABLE_MODULES = YES;
				CLANG_ENABLE_OBJC_ARC = YES;
				CLANG_ENABLE_OBJC_WEAK = YES;
				CLANG_WARN_BLOCK_CAPTURE_AUTORELEASING = YES;
				CLANG_WARN_BOOL_CONVERSION = YES;
				CLANG_WARN_COMMA = YES;
				CLANG_WARN_CONSTANT_CONVERSION = YES;
				CLANG_WARN_DEPRECATED_OBJC_IMPLEMENTATIONS = YES;
				CLANG_WARN_DIRECT_OBJC_ISA_USAGE = YES_ERROR;
				CLANG_WARN_DOCUMENTATION_COMMENTS = YES;
				CLANG_WARN_EMPTY_BODY = YES;
				CLANG_WARN_ENUM_CONVERSION = YES;
				CLANG_WARN_INFINITE_RECURSION = YES;
				CLANG_WARN_INT_CONVERSION = YES;
				CLANG_WARN_NON_LITERAL_NULL_CONVERSION = YES;
				CLANG_WARN_OBJC_IMPLICIT_RETAIN_SELF = YES;
				CLANG_WARN_OBJC_LITERAL_CONVERSION = YES;
				CLANG_WARN_OBJC_ROOT_CLASS = YES_ERROR;
				CLANG_WARN_RANGE_LOOP_ANALYSIS = YES;
				CLANG_WARN_STRICT_PROTOTYPES = YES;
				CLANG_WARN_SUSPICIOUS_MOVE = YES;
				CLANG_WARN_UNGUARDED_AVAILABILITY = YES_AGGRESSIVE;
				CLANG_WARN_UNREACHABLE_CODE = YES;
				CLANG_WARN__DUPLICATE_METHOD_MATCH = YES;
				CODE_SIGN_IDENTITY = "iPhone Developer";
				COPY_PHASE_STRIP = NO;
				DEBUG_INFORMATION_FORMAT = dwarf;
				ENABLE_STRICT_OBJC_MSGSEND = YES;
				ENABLE_TESTABILITY = YES;
				GCC_C_LANGUAGE_STANDARD = gnu11;
				GCC_DYNAMIC_NO_PIC = NO;
				GCC_NO_COMMON_BLOCKS = YES;
				GCC_OPTIMIZATION_LEVEL = 0;
				GCC_PREPROCESSOR_DEFINITIONS = (
					"DEBUG=1",
					"$(inherited)",
				);
				GCC_WARN_64_TO_32_BIT_CONVERSION = YES;
				GCC_WARN_ABOUT_RETURN_TYPE = YES_ERROR;
				GCC_WARN_UNDECLARED_SELECTOR = YES;
				GCC_WARN_UNINITIALIZED_AUTOS = YES_AGGRESSIVE;
				GCC_WARN_UNUSED_FUNCTION = YES;
				GCC_WARN_UNUSED_VARIABLE = YES;
				IPHONEOS_DEPLOYMENT_TARGET = 11.4;
				MTL_ENABLE_DEBUG_INFO = YES;
				ONLY_ACTIVE_ARCH = YES;
				SDKROOT = iphoneos;
				SWIFT_ACTIVE_COMPILATION_CONDITIONS = DEBUG;
				SWIFT_OPTIMIZATION_LEVEL = "-Onone";
			};
			name = Debug;
		};
		EAF0E41120D8ECEF007917CB /* Release */ = {
			isa = XCBuildConfiguration;
			buildSettings = {
				ALWAYS_SEARCH_USER_PATHS = NO;
				CLANG_ANALYZER_NONNULL = YES;
				CLANG_ANALYZER_NUMBER_OBJECT_CONVERSION = YES_AGGRESSIVE;
				CLANG_CXX_LANGUAGE_STANDARD = "gnu++14";
				CLANG_CXX_LIBRARY = "libc++";
				CLANG_ENABLE_MODULES = YES;
				CLANG_ENABLE_OBJC_ARC = YES;
				CLANG_ENABLE_OBJC_WEAK = YES;
				CLANG_WARN_BLOCK_CAPTURE_AUTORELEASING = YES;
				CLANG_WARN_BOOL_CONVERSION = YES;
				CLANG_WARN_COMMA = YES;
				CLANG_WARN_CONSTANT_CONVERSION = YES;
				CLANG_WARN_DEPRECATED_OBJC_IMPLEMENTATIONS = YES;
				CLANG_WARN_DIRECT_OBJC_ISA_USAGE = YES_ERROR;
				CLANG_WARN_DOCUMENTATION_COMMENTS = YES;
				CLANG_WARN_EMPTY_BODY = YES;
				CLANG_WARN_ENUM_CONVERSION = YES;
				CLANG_WARN_INFINITE_RECURSION = YES;
				CLANG_WARN_INT_CONVERSION = YES;
				CLANG_WARN_NON_LITERAL_NULL_CONVERSION = YES;
				CLANG_WARN_OBJC_IMPLICIT_RETAIN_SELF = YES;
				CLANG_WARN_OBJC_LITERAL_CONVERSION = YES;
				CLANG_WARN_OBJC_ROOT_CLASS = YES_ERROR;
				CLANG_WARN_RANGE_LOOP_ANALYSIS = YES;
				CLANG_WARN_STRICT_PROTOTYPES = YES;
				CLANG_WARN_SUSPICIOUS_MOVE = YES;
				CLANG_WARN_UNGUARDED_AVAILABILITY = YES_AGGRESSIVE;
				CLANG_WARN_UNREACHABLE_CODE = YES;
				CLANG_WARN__DUPLICATE_METHOD_MATCH = YES;
				CODE_SIGN_IDENTITY = "iPhone Developer";
				COPY_PHASE_STRIP = NO;
				DEBUG_INFORMATION_FORMAT = "dwarf-with-dsym";
				ENABLE_NS_ASSERTIONS = NO;
				ENABLE_STRICT_OBJC_MSGSEND = YES;
				GCC_C_LANGUAGE_STANDARD = gnu11;
				GCC_NO_COMMON_BLOCKS = YES;
				GCC_WARN_64_TO_32_BIT_CONVERSION = YES;
				GCC_WARN_ABOUT_RETURN_TYPE = YES_ERROR;
				GCC_WARN_UNDECLARED_SELECTOR = YES;
				GCC_WARN_UNINITIALIZED_AUTOS = YES_AGGRESSIVE;
				GCC_WARN_UNUSED_FUNCTION = YES;
				GCC_WARN_UNUSED_VARIABLE = YES;
				IPHONEOS_DEPLOYMENT_TARGET = 11.4;
				MTL_ENABLE_DEBUG_INFO = NO;
				SDKROOT = iphoneos;
				SWIFT_COMPILATION_MODE = wholemodule;
				SWIFT_OPTIMIZATION_LEVEL = "-O";
				VALIDATE_PRODUCT = YES;
			};
			name = Release;
		};
		EAF0E41320D8ECEF007917CB /* Debug */ = {
			isa = XCBuildConfiguration;
			buildSettings = {
				ASSETCATALOG_COMPILER_APPICON_NAME = AppIcon;
				CODE_SIGN_STYLE = Automatic;
				DEVELOPMENT_TEAM = DHHR5HHYJW;
				INFOPLIST_FILE = dou/Info.plist;
				LD_RUNPATH_SEARCH_PATHS = (
					"$(inherited)",
					"@executable_path/Frameworks",
				);
				PRODUCT_BUNDLE_IDENTIFIER = LSY.dou;
				PRODUCT_NAME = "$(TARGET_NAME)";
				SWIFT_VERSION = 4.0;
				TARGETED_DEVICE_FAMILY = "1,2";
			};
			name = Debug;
		};
		EAF0E41420D8ECEF007917CB /* Release */ = {
			isa = XCBuildConfiguration;
			buildSettings = {
				ASSETCATALOG_COMPILER_APPICON_NAME = AppIcon;
				CODE_SIGN_STYLE = Automatic;
				DEVELOPMENT_TEAM = DHHR5HHYJW;
				INFOPLIST_FILE = dou/Info.plist;
				LD_RUNPATH_SEARCH_PATHS = (
					"$(inherited)",
					"@executable_path/Frameworks",
				);
				PRODUCT_BUNDLE_IDENTIFIER = LSY.dou;
				PRODUCT_NAME = "$(TARGET_NAME)";
				SWIFT_VERSION = 4.0;
				TARGETED_DEVICE_FAMILY = "1,2";
			};
			name = Release;
		};
		EAF0E41620D8ECEF007917CB /* Debug */ = {
			isa = XCBuildConfiguration;
			buildSettings = {
				ALWAYS_EMBED_SWIFT_STANDARD_LIBRARIES = YES;
				BUNDLE_LOADER = "$(TEST_HOST)";
				CODE_SIGN_STYLE = Automatic;
				DEVELOPMENT_TEAM = DHHR5HHYJW;
				INFOPLIST_FILE = douTests/Info.plist;
				LD_RUNPATH_SEARCH_PATHS = (
					"$(inherited)",
					"@executable_path/Frameworks",
					"@loader_path/Frameworks",
				);
				PRODUCT_BUNDLE_IDENTIFIER = LSY.douTests;
				PRODUCT_NAME = "$(TARGET_NAME)";
				SWIFT_VERSION = 4.0;
				TARGETED_DEVICE_FAMILY = "1,2";
				TEST_HOST = "$(BUILT_PRODUCTS_DIR)/dou.app/dou";
			};
			name = Debug;
		};
		EAF0E41720D8ECEF007917CB /* Release */ = {
			isa = XCBuildConfiguration;
			buildSettings = {
				ALWAYS_EMBED_SWIFT_STANDARD_LIBRARIES = YES;
				BUNDLE_LOADER = "$(TEST_HOST)";
				CODE_SIGN_STYLE = Automatic;
				DEVELOPMENT_TEAM = DHHR5HHYJW;
				INFOPLIST_FILE = douTests/Info.plist;
				LD_RUNPATH_SEARCH_PATHS = (
					"$(inherited)",
					"@executable_path/Frameworks",
					"@loader_path/Frameworks",
				);
				PRODUCT_BUNDLE_IDENTIFIER = LSY.douTests;
				PRODUCT_NAME = "$(TARGET_NAME)";
				SWIFT_VERSION = 4.0;
				TARGETED_DEVICE_FAMILY = "1,2";
				TEST_HOST = "$(BUILT_PRODUCTS_DIR)/dou.app/dou";
			};
			name = Release;
		};
		EAF0E41920D8ECEF007917CB /* Debug */ = {
			isa = XCBuildConfiguration;
			buildSettings = {
				ALWAYS_EMBED_SWIFT_STANDARD_LIBRARIES = YES;
				CODE_SIGN_STYLE = Automatic;
				DEVELOPMENT_TEAM = DHHR5HHYJW;
				INFOPLIST_FILE = douUITests/Info.plist;
				LD_RUNPATH_SEARCH_PATHS = (
					"$(inherited)",
					"@executable_path/Frameworks",
					"@loader_path/Frameworks",
				);
				PRODUCT_BUNDLE_IDENTIFIER = LSY.douUITests;
				PRODUCT_NAME = "$(TARGET_NAME)";
				SWIFT_VERSION = 4.0;
				TARGETED_DEVICE_FAMILY = "1,2";
				TEST_TARGET_NAME = dou;
			};
			name = Debug;
		};
		EAF0E41A20D8ECEF007917CB /* Release */ = {
			isa = XCBuildConfiguration;
			buildSettings = {
				ALWAYS_EMBED_SWIFT_STANDARD_LIBRARIES = YES;
				CODE_SIGN_STYLE = Automatic;
				DEVELOPMENT_TEAM = DHHR5HHYJW;
				INFOPLIST_FILE = douUITests/Info.plist;
				LD_RUNPATH_SEARCH_PATHS = (
					"$(inherited)",
					"@executable_path/Frameworks",
					"@loader_path/Frameworks",
				);
				PRODUCT_BUNDLE_IDENTIFIER = LSY.douUITests;
				PRODUCT_NAME = "$(TARGET_NAME)";
				SWIFT_VERSION = 4.0;
				TARGETED_DEVICE_FAMILY = "1,2";
				TEST_TARGET_NAME = dou;
			};
			name = Release;
		};
/* End XCBuildConfiguration section */

/* Begin XCConfigurationList section */
		EAF0E3E520D8ECEE007917CB /* Build configuration list for PBXProject "dou" */ = {
			isa = XCConfigurationList;
			buildConfigurations = (
				EAF0E41020D8ECEF007917CB /* Debug */,
				EAF0E41120D8ECEF007917CB /* Release */,
			);
			defaultConfigurationIsVisible = 0;
			defaultConfigurationName = Release;
		};
		EAF0E41220D8ECEF007917CB /* Build configuration list for PBXNativeTarget "dou" */ = {
			isa = XCConfigurationList;
			buildConfigurations = (
				EAF0E41320D8ECEF007917CB /* Debug */,
				EAF0E41420D8ECEF007917CB /* Release */,
			);
			defaultConfigurationIsVisible = 0;
			defaultConfigurationName = Release;
		};
		EAF0E41520D8ECEF007917CB /* Build configuration list for PBXNativeTarget "douTests" */ = {
			isa = XCConfigurationList;
			buildConfigurations = (
				EAF0E41620D8ECEF007917CB /* Debug */,
				EAF0E41720D8ECEF007917CB /* Release */,
			);
			defaultConfigurationIsVisible = 0;
			defaultConfigurationName = Release;
		};
		EAF0E41820D8ECEF007917CB /* Build configuration list for PBXNativeTarget "douUITests" */ = {
			isa = XCConfigurationList;
			buildConfigurations = (
				EAF0E41920D8ECEF007917CB /* Debug */,
				EAF0E41A20D8ECEF007917CB /* Release */,
			);
			defaultConfigurationIsVisible = 0;
			defaultConfigurationName = Release;
		};
/* End XCConfigurationList section */
	};
	rootObject = EAF0E3E220D8ECEE007917CB /* Project object */;
}
